
Microsoft Visual Studio Solution File, Format Version 12.00
# Visual Studio Version 16
VisualStudioVersion = 16.0.29709.97
MinimumVisualStudioVersion = 10.0.40219.1
Project("{9A19103F-16F7-4668-BE54-9A1E7A4F7556}") = "ClassLibrary2", "ClassLibrary2\ClassLibrary2.csproj", "{0E54F86E-61E0-445A-84DD-B430A0C9411B}"
EndProject
Project("{9A19103F-16F7-4668-BE54-9A1E7A4F7556}") = "UnitTests", "UnitTests\UnitTests.csproj", "{0376EF3A-DBB5-4CC9-B78E-D4E53109C23C}"
EndProject
Project("{6EC3EE1D-3C4E-46DD-8F32-0CC8E7565705}") = "ClassLibrary3", "ClassLibrary3\ClassLibrary3.fsproj", "{95828B58-A6B6-45CD-BFA6-DF5D7EF35F77}"
EndProject
Project("{778DAE3C-4631-46EA-AA77-85C1314464D9}") = "ClassLibrary1", "ClassLibrary1\ClassLibrary1.vbproj", "{96EAFCF7-5A65-4D58-974F-46FD392D2EE2}"
EndProject
Project("{778DAE3C-4631-46EA-AA77-85C1314464D9}") = "VBApp", "VBApp\VBApp.vbproj", "{E31726A1-4A94-4D76-B847-5E901FD12629}"
EndProject
Project("{6EC3EE1D-3C4E-46DD-8F32-0CC8E7565705}") = "FSLibWithGitVersion", "FSLibWithGitVersion\FSLibWithGitVersion.fsproj", "{F912FF4F-F13B-4612-BF93-EA2671C1930C}"
EndProject
Project("{9A19103F-16F7-4668-BE54-9A1E7A4F7556}") = "ReflectionTests", "ReflectionTests\ReflectionTests.csproj", "{E3A75614-1E17-4F2B-B843-A92D02FB5452}"
EndProject
Project("{6EC3EE1D-3C4E-46DD-8F32-0CC8E7565705}") = "ReflectionTestsFS", "ReflectionTestsFS\ReflectionTestsFS.fsproj", "{F59D493C-2572-48F1-B673-06CCDA8B976A}"
EndProject
Project("{9A19103F-16F7-4668-BE54-9A1E7A4F7556}") = "GitInfoTest", "GitInfoTest\GitInfoTest.csproj", "{EFBBAE19-0115-41C1-A9A7-20CADA3E320D}"
EndProject
Project("{9A19103F-16F7-4668-BE54-9A1E7A4F7556}") = "ILRepackTest", "ILRepackTest\ILRepackTest.csproj", "{EE12572B-45BE-4D76-A23E-BF2294B544C9}"
EndProject
Project("{9A19103F-16F7-4668-BE54-9A1E7A4F7556}") = "ILMergeTest", "ILMergeTest\ILMergeTest.csproj", "{0428FCF8-EAF1-4702-91F2-5B5FB9846314}"
EndProject
Project("{9A19103F-16F7-4668-BE54-9A1E7A4F7556}") = "FodyTest", "FodyTest\FodyTest.csproj", "{1EBD1438-27A7-4B71-8B0C-4076FA6DB2F1}"
EndProject
Project("{9A19103F-16F7-4668-BE54-9A1E7A4F7556}") = "NetCoreApp", "NetCoreApp\NetCoreApp.csproj", "{165DEFE6-0861-4BC6-99F7-E691B1081D71}"
EndProject
Project("{2150E333-8FDC-42A3-9474-1A3956D46DE8}") = "Solution Items", "Solution Items", "{827B5FB1-560C-4C3D-968C-D5CF1F1D0BC9}"
	ProjectSection(SolutionItems) = preProject
		GitVersionInfoTest.cs = GitVersionInfoTest.cs
		GitVersionInfoTest.fs = GitVersionInfoTest.fs
		GitVersionInfoTest.vb = GitVersionInfoTest.vb
	EndProjectSection
EndProject
Project("{9A19103F-16F7-4668-BE54-9A1E7A4F7556}") = "NetStandard10", "NetStandard10\NetStandard10.csproj", "{CEE2779E-67CB-4D89-AF5A-C25B458C1E84}"
EndProject
Project("{FAE04EC0-301F-11D3-BF4B-00C04F79EFBC}") = "LibGit2SharpTestLib", "LibGit2SharpTestLib\LibGit2SharpTestLib.csproj", "{3B6C8543-7409-4B23-BF7C-B24D16691AF8}"
EndProject
Project("{FAE04EC0-301F-11D3-BF4B-00C04F79EFBC}") = "LibGit2SharpTestApp", "LibGit2SharpTestApp\LibGit2SharpTestApp.csproj", "{FD1EDF04-6282-496E-AAF7-EA90FAA941B8}"
EndProject
Global
	GlobalSection(SolutionConfigurationPlatforms) = preSolution
		Debug|Any CPU = Debug|Any CPU
		Release|Any CPU = Release|Any CPU
	EndGlobalSection
	GlobalSection(ProjectConfigurationPlatforms) = postSolution
		{0E54F86E-61E0-445A-84DD-B430A0C9411B}.Debug|Any CPU.ActiveCfg = Debug|Any CPU
		{0E54F86E-61E0-445A-84DD-B430A0C9411B}.Debug|Any CPU.Build.0 = Debug|Any CPU
		{0E54F86E-61E0-445A-84DD-B430A0C9411B}.Release|Any CPU.ActiveCfg = Release|Any CPU
		{0E54F86E-61E0-445A-84DD-B430A0C9411B}.Release|Any CPU.Build.0 = Release|Any CPU
		{0376EF3A-DBB5-4CC9-B78E-D4E53109C23C}.Debug|Any CPU.ActiveCfg = Debug|Any CPU
		{0376EF3A-DBB5-4CC9-B78E-D4E53109C23C}.Debug|Any CPU.Build.0 = Debug|Any CPU
		{0376EF3A-DBB5-4CC9-B78E-D4E53109C23C}.Release|Any CPU.ActiveCfg = Release|Any CPU
		{0376EF3A-DBB5-4CC9-B78E-D4E53109C23C}.Release|Any CPU.Build.0 = Release|Any CPU
		{95828B58-A6B6-45CD-BFA6-DF5D7EF35F77}.Debug|Any CPU.ActiveCfg = Debug|Any CPU
		{95828B58-A6B6-45CD-BFA6-DF5D7EF35F77}.Debug|Any CPU.Build.0 = Debug|Any CPU
		{95828B58-A6B6-45CD-BFA6-DF5D7EF35F77}.Release|Any CPU.ActiveCfg = Release|Any CPU
		{95828B58-A6B6-45CD-BFA6-DF5D7EF35F77}.Release|Any CPU.Build.0 = Release|Any CPU
		{96EAFCF7-5A65-4D58-974F-46FD392D2EE2}.Debug|Any CPU.ActiveCfg = Debug|Any CPU
		{96EAFCF7-5A65-4D58-974F-46FD392D2EE2}.Debug|Any CPU.Build.0 = Debug|Any CPU
		{96EAFCF7-5A65-4D58-974F-46FD392D2EE2}.Release|Any CPU.ActiveCfg = Release|Any CPU
		{96EAFCF7-5A65-4D58-974F-46FD392D2EE2}.Release|Any CPU.Build.0 = Release|Any CPU
		{E31726A1-4A94-4D76-B847-5E901FD12629}.Debug|Any CPU.ActiveCfg = Debug|Any CPU
		{E31726A1-4A94-4D76-B847-5E901FD12629}.Debug|Any CPU.Build.0 = Debug|Any CPU
		{E31726A1-4A94-4D76-B847-5E901FD12629}.Release|Any CPU.ActiveCfg = Release|Any CPU
		{E31726A1-4A94-4D76-B847-5E901FD12629}.Release|Any CPU.Build.0 = Release|Any CPU
		{F912FF4F-F13B-4612-BF93-EA2671C1930C}.Debug|Any CPU.ActiveCfg = Debug|Any CPU
		{F912FF4F-F13B-4612-BF93-EA2671C1930C}.Debug|Any CPU.Build.0 = Debug|Any CPU
		{F912FF4F-F13B-4612-BF93-EA2671C1930C}.Release|Any CPU.ActiveCfg = Release|Any CPU
		{F912FF4F-F13B-4612-BF93-EA2671C1930C}.Release|Any CPU.Build.0 = Release|Any CPU
		{E3A75614-1E17-4F2B-B843-A92D02FB5452}.Debug|Any CPU.ActiveCfg = Debug|Any CPU
		{E3A75614-1E17-4F2B-B843-A92D02FB5452}.Debug|Any CPU.Build.0 = Debug|Any CPU
		{E3A75614-1E17-4F2B-B843-A92D02FB5452}.Release|Any CPU.ActiveCfg = Release|Any CPU
		{E3A75614-1E17-4F2B-B843-A92D02FB5452}.Release|Any CPU.Build.0 = Release|Any CPU
		{F59D493C-2572-48F1-B673-06CCDA8B976A}.Debug|Any CPU.ActiveCfg = Debug|Any CPU
		{F59D493C-2572-48F1-B673-06CCDA8B976A}.Debug|Any CPU.Build.0 = Debug|Any CPU
		{F59D493C-2572-48F1-B673-06CCDA8B976A}.Release|Any CPU.ActiveCfg = Release|Any CPU
		{F59D493C-2572-48F1-B673-06CCDA8B976A}.Release|Any CPU.Build.0 = Release|Any CPU
		{EFBBAE19-0115-41C1-A9A7-20CADA3E320D}.Debug|Any CPU.ActiveCfg = Debug|Any CPU
		{EFBBAE19-0115-41C1-A9A7-20CADA3E320D}.Debug|Any CPU.Build.0 = Debug|Any CPU
		{EFBBAE19-0115-41C1-A9A7-20CADA3E320D}.Release|Any CPU.ActiveCfg = Release|Any CPU
		{EFBBAE19-0115-41C1-A9A7-20CADA3E320D}.Release|Any CPU.Build.0 = Release|Any CPU
		{EE12572B-45BE-4D76-A23E-BF2294B544C9}.Debug|Any CPU.ActiveCfg = Debug|Any CPU
		{EE12572B-45BE-4D76-A23E-BF2294B544C9}.Debug|Any CPU.Build.0 = Debug|Any CPU
		{EE12572B-45BE-4D76-A23E-BF2294B544C9}.Release|Any CPU.ActiveCfg = Release|Any CPU
		{EE12572B-45BE-4D76-A23E-BF2294B544C9}.Release|Any CPU.Build.0 = Release|Any CPU
		{0428FCF8-EAF1-4702-91F2-5B5FB9846314}.Debug|Any CPU.ActiveCfg = Debug|Any CPU
		{0428FCF8-EAF1-4702-91F2-5B5FB9846314}.Debug|Any CPU.Build.0 = Debug|Any CPU
		{0428FCF8-EAF1-4702-91F2-5B5FB9846314}.Release|Any CPU.ActiveCfg = Release|Any CPU
		{0428FCF8-EAF1-4702-91F2-5B5FB9846314}.Release|Any CPU.Build.0 = Release|Any CPU
		{1EBD1438-27A7-4B71-8B0C-4076FA6DB2F1}.Debug|Any CPU.ActiveCfg = Debug|Any CPU
		{1EBD1438-27A7-4B71-8B0C-4076FA6DB2F1}.Debug|Any CPU.Build.0 = Debug|Any CPU
		{1EBD1438-27A7-4B71-8B0C-4076FA6DB2F1}.Release|Any CPU.ActiveCfg = Release|Any CPU
		{1EBD1438-27A7-4B71-8B0C-4076FA6DB2F1}.Release|Any CPU.Build.0 = Release|Any CPU
		{165DEFE6-0861-4BC6-99F7-E691B1081D71}.Debug|Any CPU.ActiveCfg = Debug|Any CPU
		{165DEFE6-0861-4BC6-99F7-E691B1081D71}.Debug|Any CPU.Build.0 = Debug|Any CPU
		{165DEFE6-0861-4BC6-99F7-E691B1081D71}.Release|Any CPU.ActiveCfg = Release|Any CPU
		{165DEFE6-0861-4BC6-99F7-E691B1081D71}.Release|Any CPU.Build.0 = Release|Any CPU
		{CEE2779E-67CB-4D89-AF5A-C25B458C1E84}.Debug|Any CPU.ActiveCfg = Debug|Any CPU
		{CEE2779E-67CB-4D89-AF5A-C25B458C1E84}.Debug|Any CPU.Build.0 = Debug|Any CPU
		{CEE2779E-67CB-4D89-AF5A-C25B458C1E84}.Release|Any CPU.ActiveCfg = Release|Any CPU
		{CEE2779E-67CB-4D89-AF5A-C25B458C1E84}.Release|Any CPU.Build.0 = Release|Any CPU
		{3B6C8543-7409-4B23-BF7C-B24D16691AF8}.Debug|Any CPU.ActiveCfg = Debug|Any CPU
		{3B6C8543-7409-4B23-BF7C-B24D16691AF8}.Debug|Any CPU.Build.0 = Debug|Any CPU
		{3B6C8543-7409-4B23-BF7C-B24D16691AF8}.Release|Any CPU.ActiveCfg = Release|Any CPU
		{3B6C8543-7409-4B23-BF7C-B24D16691AF8}.Release|Any CPU.Build.0 = Release|Any CPU
		{FD1EDF04-6282-496E-AAF7-EA90FAA941B8}.Debug|Any CPU.ActiveCfg = Debug|Any CPU
		{FD1EDF04-6282-496E-AAF7-EA90FAA941B8}.Debug|Any CPU.Build.0 = Debug|Any CPU
		{FD1EDF04-6282-496E-AAF7-EA90FAA941B8}.Release|Any CPU.ActiveCfg = Release|Any CPU
		{FD1EDF04-6282-496E-AAF7-EA90FAA941B8}.Release|Any CPU.Build.0 = Release|Any CPU
	EndGlobalSection
	GlobalSection(SolutionProperties) = preSolution
		HideSolutionNode = FALSE
	EndGlobalSection
	GlobalSection(ExtensibilityGlobals) = postSolution
		SolutionGuid = {924E0196-5BA8-4051-9839-3F425D63C4D7}
	EndGlobalSection
EndGlobal
